
Microsoft Visual Studio Solution File, Format Version 12.00
# Visual Studio 15
VisualStudioVersion = 15.0.28307.136
MinimumVisualStudioVersion = 10.0.40219.1
Project("{FAE04EC0-301F-11D3-BF4B-00C04F79EFBC}") = "Movies", "Movies\Movies.csproj", "{9164BE56-A2C7-4EEA-8DC2-7A5F4DA82220}"
EndProject
Global
	GlobalSection(SolutionConfigurationPlatforms) = preSolution
		Debug|Any CPU = Debug|Any CPU
		Release|Any CPU = Release|Any CPU
	EndGlobalSection
	GlobalSection(ProjectConfigurationPlatforms) = postSolution
		{9164BE56-A2C7-4EEA-8DC2-7A5F4DA82220}.Debug|Any CPU.ActiveCfg = Debug|Any CPU
		{9164BE56-A2C7-4EEA-8DC2-7A5F4DA82220}.Debug|Any CPU.Build.0 = Debug|Any CPU
		{9164BE56-A2C7-4EEA-8DC2-7A5F4DA82220}.Release|Any CPU.ActiveCfg = Release|Any CPU
		{9164BE56-A2C7-4EEA-8DC2-7A5F4DA82220}.Release|Any CPU.Build.0 = Release|Any CPU
	EndGlobalSection
	GlobalSection(SolutionProperties) = preSolution
		HideSolutionNode = FALSE
	EndGlobalSection
	GlobalSection(ExtensibilityGlobals) = postSolution
		SolutionGuid = {1E1C4E59-DF2A-49F4-BAF7-2203DB9B6B3D}
	EndGlobalSection
EndGlobal
